
Microsoft Visual Studio Solution File, Format Version 12.00
# Visual Studio Version 17
VisualStudioVersion = 17.6.33717.318
MinimumVisualStudioVersion = 10.0.40219.1
Project("{8BC9CEB8-8B4A-11D0-8D11-00A0C91BC942}") = "DSA_Assignment_1_Programming_Question", "DSA_Assignment_1_Programming_Question\DSA_Assignment_1_Programming_Question.vcxproj", "{A532E5C4-E3D7-4700-BB1C-EAECB3AECE9D}"
EndProject
Global
	GlobalSection(SolutionConfigurationPlatforms) = preSolution
		Debug|x64 = Debug|x64
		Debug|x86 = Debug|x86
		Release|x64 = Release|x64
		Release|x86 = Release|x86
	EndGlobalSection
	GlobalSection(ProjectConfigurationPlatforms) = postSolution
		{A532E5C4-E3D7-4700-BB1C-EAECB3AECE9D}.Debug|x64.ActiveCfg = Debug|x64
		{A532E5C4-E3D7-4700-BB1C-EAECB3AECE9D}.Debug|x64.Build.0 = Debug|x64
		{A532E5C4-E3D7-4700-BB1C-EAECB3AECE9D}.Debug|x86.ActiveCfg = Debug|Win32
		{A532E5C4-E3D7-4700-BB1C-EAECB3AECE9D}.Debug|x86.Build.0 = Debug|Win32
		{A532E5C4-E3D7-4700-BB1C-EAECB3AECE9D}.Release|x64.ActiveCfg = Release|x64
		{A532E5C4-E3D7-4700-BB1C-EAECB3AECE9D}.Release|x64.Build.0 = Release|x64
		{A532E5C4-E3D7-4700-BB1C-EAECB3AECE9D}.Release|x86.ActiveCfg = Release|Win32
		{A532E5C4-E3D7-4700-BB1C-EAECB3AECE9D}.Release|x86.Build.0 = Release|Win32
	EndGlobalSection
	GlobalSection(SolutionProperties) = preSolution
		HideSolutionNode = FALSE
	EndGlobalSection
	GlobalSection(ExtensibilityGlobals) = postSolution
		SolutionGuid = {236046A4-3024-4C75-BE78-FCE3FAB1447E}
	EndGlobalSection
EndGlobal
